
Microsoft Visual Studio Solution File, Format Version 12.00
# Visual Studio 14
VisualStudioVersion = 14.0.25420.1
MinimumVisualStudioVersion = 10.0.40219.1
Project("{FAE04EC0-301F-11D3-BF4B-00C04F79EFBC}") = "PushSharp.Tests", "PushSharp.Tests\PushSharp.Tests.csproj", "{989B7357-800E-46B9-91AF-A4CE8A55F389}"
EndProject
Project("{2150E333-8FDC-42A3-9474-1A3956D46DE8}") = "Platforms", "Platforms", "{2B7243CB-60A5-4682-802B-B7EC3DEBCF9A}"
EndProject
Project("{FAE04EC0-301F-11D3-BF4B-00C04F79EFBC}") = "PushSharp.Blackberry", "PushSharp.Blackberry\PushSharp.Blackberry.csproj", "{9F972AE9-DE47-4C26-AEE0-97E8A14F2E12}"
EndProject
Project("{2150E333-8FDC-42A3-9474-1A3956D46DE8}") = "Support Libraries", "Support Libraries", "{6449DAB1-E76A-4354-B633-CC6AC53BB757}"
EndProject
Project("{2150E333-8FDC-42A3-9474-1A3956D46DE8}") = "src", "src", "{0A212270-8BBD-4E32-9E30-B5B5F06E383E}"
EndProject
Project("{2150E333-8FDC-42A3-9474-1A3956D46DE8}") = "Solution Items", "Solution Items", "{E4F54018-2E85-43FC-9095-69B72113334F}"
	ProjectSection(SolutionItems) = preProject
		.gitattributes = .gitattributes
		.gitignore = .gitignore
		.gitmodules = .gitmodules
		global.json = global.json
		LICENSE.md = LICENSE.md
		PushSharp-Signing.snk = PushSharp-Signing.snk
		PushSharp.nuspec = PushSharp.nuspec
		README.md = README.md
	EndProjectSection
EndProject
Project("{8BB2217D-0F2D-49D1-97BC-3654ED321F3B}") = "PushSharp.Core", "src\PushSharp.Core\PushSharp.Core.xproj", "{49303EC4-7C7F-444C-B17B-5F0D8D23635F}"
EndProject
Project("{2150E333-8FDC-42A3-9474-1A3956D46DE8}") = "platforms", "platforms", "{719A4573-617F-438D-914F-B317102449CE}"
EndProject
Project("{8BB2217D-0F2D-49D1-97BC-3654ED321F3B}") = "PushSharp.Google", "src\PushSharp.Google\PushSharp.Google.xproj", "{D3D7BB0A-CC3D-4654-8DCF-CD7B3913F74C}"
EndProject
Project("{8BB2217D-0F2D-49D1-97BC-3654ED321F3B}") = "PushSharp.Apple", "src\PushSharp.Apple\PushSharp.Apple.xproj", "{6F8801D7-86A5-4ACA-87D5-4207560C7CEB}"
EndProject
Project("{8BB2217D-0F2D-49D1-97BC-3654ED321F3B}") = "PushSharp.Windows", "src\PushSharp.Windows\PushSharp.Windows.xproj", "{CC8678D8-4D0F-4BDB-BC40-B4DD29FC1F37}"
EndProject
Project("{8BB2217D-0F2D-49D1-97BC-3654ED321F3B}") = "PushSharp.Firefox", "src\PushSharp.Firefox\PushSharp.Firefox.xproj", "{A48219B8-6734-4274-8881-3FB31AA98C84}"
EndProject
Project("{8BB2217D-0F2D-49D1-97BC-3654ED321F3B}") = "PushSharp.Amazon", "src\PushSharp.Amazon\PushSharp.Amazon.xproj", "{BD225D78-BCA6-4096-8CEC-8C3DA455DFBF}"
EndProject
Global
	GlobalSection(SolutionConfigurationPlatforms) = preSolution
		Debug|Any CPU = Debug|Any CPU
		Release|Any CPU = Release|Any CPU
	EndGlobalSection
	GlobalSection(ProjectConfigurationPlatforms) = postSolution
		{989B7357-800E-46B9-91AF-A4CE8A55F389}.Debug|Any CPU.ActiveCfg = Debug|Any CPU
		{989B7357-800E-46B9-91AF-A4CE8A55F389}.Release|Any CPU.ActiveCfg = Release|Any CPU
		{989B7357-800E-46B9-91AF-A4CE8A55F389}.Release|Any CPU.Build.0 = Release|Any CPU
		{9F972AE9-DE47-4C26-AEE0-97E8A14F2E12}.Debug|Any CPU.ActiveCfg = Debug|Any CPU
		{9F972AE9-DE47-4C26-AEE0-97E8A14F2E12}.Release|Any CPU.ActiveCfg = Release|Any CPU
		{9F972AE9-DE47-4C26-AEE0-97E8A14F2E12}.Release|Any CPU.Build.0 = Release|Any CPU
		{49303EC4-7C7F-444C-B17B-5F0D8D23635F}.Debug|Any CPU.ActiveCfg = Debug|Any CPU
		{49303EC4-7C7F-444C-B17B-5F0D8D23635F}.Debug|Any CPU.Build.0 = Debug|Any CPU
		{49303EC4-7C7F-444C-B17B-5F0D8D23635F}.Release|Any CPU.ActiveCfg = Release|Any CPU
		{49303EC4-7C7F-444C-B17B-5F0D8D23635F}.Release|Any CPU.Build.0 = Release|Any CPU
		{D3D7BB0A-CC3D-4654-8DCF-CD7B3913F74C}.Debug|Any CPU.ActiveCfg = Debug|Any CPU
		{D3D7BB0A-CC3D-4654-8DCF-CD7B3913F74C}.Debug|Any CPU.Build.0 = Debug|Any CPU
		{D3D7BB0A-CC3D-4654-8DCF-CD7B3913F74C}.Release|Any CPU.ActiveCfg = Release|Any CPU
		{D3D7BB0A-CC3D-4654-8DCF-CD7B3913F74C}.Release|Any CPU.Build.0 = Release|Any CPU
		{6F8801D7-86A5-4ACA-87D5-4207560C7CEB}.Debug|Any CPU.ActiveCfg = Debug|Any CPU
		{6F8801D7-86A5-4ACA-87D5-4207560C7CEB}.Debug|Any CPU.Build.0 = Debug|Any CPU
		{6F8801D7-86A5-4ACA-87D5-4207560C7CEB}.Release|Any CPU.ActiveCfg = Release|Any CPU
		{6F8801D7-86A5-4ACA-87D5-4207560C7CEB}.Release|Any CPU.Build.0 = Release|Any CPU
		{CC8678D8-4D0F-4BDB-BC40-B4DD29FC1F37}.Debug|Any CPU.ActiveCfg = Debug|Any CPU
		{CC8678D8-4D0F-4BDB-BC40-B4DD29FC1F37}.Debug|Any CPU.Build.0 = Debug|Any CPU
		{CC8678D8-4D0F-4BDB-BC40-B4DD29FC1F37}.Release|Any CPU.ActiveCfg = Release|Any CPU
		{CC8678D8-4D0F-4BDB-BC40-B4DD29FC1F37}.Release|Any CPU.Build.0 = Release|Any CPU
		{A48219B8-6734-4274-8881-3FB31AA98C84}.Debug|Any CPU.ActiveCfg = Debug|Any CPU
		{A48219B8-6734-4274-8881-3FB31AA98C84}.Debug|Any CPU.Build.0 = Debug|Any CPU
		{A48219B8-6734-4274-8881-3FB31AA98C84}.Release|Any CPU.ActiveCfg = Release|Any CPU
		{A48219B8-6734-4274-8881-3FB31AA98C84}.Release|Any CPU.Build.0 = Release|Any CPU
		{BD225D78-BCA6-4096-8CEC-8C3DA455DFBF}.Debug|Any CPU.ActiveCfg = Debug|Any CPU
		{BD225D78-BCA6-4096-8CEC-8C3DA455DFBF}.Debug|Any CPU.Build.0 = Debug|Any CPU
		{BD225D78-BCA6-4096-8CEC-8C3DA455DFBF}.Release|Any CPU.ActiveCfg = Release|Any CPU
		{BD225D78-BCA6-4096-8CEC-8C3DA455DFBF}.Release|Any CPU.Build.0 = Release|Any CPU
	EndGlobalSection
	GlobalSection(SolutionProperties) = preSolution
		HideSolutionNode = FALSE
	EndGlobalSection
	GlobalSection(NestedProjects) = preSolution
		{9F972AE9-DE47-4C26-AEE0-97E8A14F2E12} = {2B7243CB-60A5-4682-802B-B7EC3DEBCF9A}
		{49303EC4-7C7F-444C-B17B-5F0D8D23635F} = {0A212270-8BBD-4E32-9E30-B5B5F06E383E}
		{719A4573-617F-438D-914F-B317102449CE} = {0A212270-8BBD-4E32-9E30-B5B5F06E383E}
		{D3D7BB0A-CC3D-4654-8DCF-CD7B3913F74C} = {719A4573-617F-438D-914F-B317102449CE}
		{6F8801D7-86A5-4ACA-87D5-4207560C7CEB} = {719A4573-617F-438D-914F-B317102449CE}
		{CC8678D8-4D0F-4BDB-BC40-B4DD29FC1F37} = {719A4573-617F-438D-914F-B317102449CE}
		{A48219B8-6734-4274-8881-3FB31AA98C84} = {719A4573-617F-438D-914F-B317102449CE}
		{BD225D78-BCA6-4096-8CEC-8C3DA455DFBF} = {719A4573-617F-438D-914F-B317102449CE}
	EndGlobalSection
EndGlobal
